
Microsoft Visual Studio Solution File, Format Version 12.00
# Visual Studio Version 16
VisualStudioVersion = 16.0.31515.178
MinimumVisualStudioVersion = 10.0.40219.1
Project("{9A19103F-16F7-4668-BE54-9A1E7A4F7556}") = "CarAuctionWebAPI", "CarAuctionWebAPI\CarAuctionWebAPI.csproj", "{25A3A5C5-BAA0-4FD7-A759-61F33836AFE6}"
EndProject
Project("{9A19103F-16F7-4668-BE54-9A1E7A4F7556}") = "Entity", "Entity\Entity.csproj", "{68C31C37-C54B-4008-8D01-35DEDBB95033}"
EndProject
Project("{9A19103F-16F7-4668-BE54-9A1E7A4F7556}") = "Repositories", "Repositories\Repositories.csproj", "{61EA315B-70DF-423C-920C-6B931AA12739}"
EndProject
Project("{9A19103F-16F7-4668-BE54-9A1E7A4F7556}") = "Services", "Services\Services.csproj", "{1C0C0843-2518-47DD-91E1-4217AA2DD372}"
EndProject
Project("{9A19103F-16F7-4668-BE54-9A1E7A4F7556}") = "DTO", "DTO\DTO.csproj", "{B76FF14A-60B1-4AD1-8C97-7950D6C529F2}"
EndProject
Project("{9A19103F-16F7-4668-BE54-9A1E7A4F7556}") = "Enums", "Enums\Enums.csproj", "{18EED1B7-A4B5-4F59-A6ED-220A6A831AA1}"
EndProject
Project("{2150E333-8FDC-42A3-9474-1A3956D46DE8}") = "src", "src", "{E3889177-866A-48A9-8212-C72B64F85057}"
EndProject
Project("{2150E333-8FDC-42A3-9474-1A3956D46DE8}") = "test", "test", "{2B592A73-D642-4A96-8073-BCDC0BDE754F}"
EndProject
Project("{9A19103F-16F7-4668-BE54-9A1E7A4F7556}") = "CarAuction.Tests.Shared", "CarAuction.Tests.Shared\CarAuction.Tests.Shared.csproj", "{D4258696-A6A8-4B35-95D4-83A6D1472F83}"
EndProject
Project("{FAE04EC0-301F-11D3-BF4B-00C04F79EFBC}") = "CarAuction.Tests.Services", "CarAuction.Tests.Services\CarAuction.Tests.Services.csproj", "{4E67A5BF-31EE-44CD-8E87-06C2A8946093}"
EndProject
Global
	GlobalSection(SolutionConfigurationPlatforms) = preSolution
		Debug|Any CPU = Debug|Any CPU
		Release|Any CPU = Release|Any CPU
	EndGlobalSection
	GlobalSection(ProjectConfigurationPlatforms) = postSolution
		{25A3A5C5-BAA0-4FD7-A759-61F33836AFE6}.Debug|Any CPU.ActiveCfg = Debug|Any CPU
		{25A3A5C5-BAA0-4FD7-A759-61F33836AFE6}.Debug|Any CPU.Build.0 = Debug|Any CPU
		{25A3A5C5-BAA0-4FD7-A759-61F33836AFE6}.Release|Any CPU.ActiveCfg = Release|Any CPU
		{25A3A5C5-BAA0-4FD7-A759-61F33836AFE6}.Release|Any CPU.Build.0 = Release|Any CPU
		{68C31C37-C54B-4008-8D01-35DEDBB95033}.Debug|Any CPU.ActiveCfg = Debug|Any CPU
		{68C31C37-C54B-4008-8D01-35DEDBB95033}.Debug|Any CPU.Build.0 = Debug|Any CPU
		{68C31C37-C54B-4008-8D01-35DEDBB95033}.Release|Any CPU.ActiveCfg = Release|Any CPU
		{68C31C37-C54B-4008-8D01-35DEDBB95033}.Release|Any CPU.Build.0 = Release|Any CPU
		{61EA315B-70DF-423C-920C-6B931AA12739}.Debug|Any CPU.ActiveCfg = Debug|Any CPU
		{61EA315B-70DF-423C-920C-6B931AA12739}.Debug|Any CPU.Build.0 = Debug|Any CPU
		{61EA315B-70DF-423C-920C-6B931AA12739}.Release|Any CPU.ActiveCfg = Release|Any CPU
		{61EA315B-70DF-423C-920C-6B931AA12739}.Release|Any CPU.Build.0 = Release|Any CPU
		{1C0C0843-2518-47DD-91E1-4217AA2DD372}.Debug|Any CPU.ActiveCfg = Debug|Any CPU
		{1C0C0843-2518-47DD-91E1-4217AA2DD372}.Debug|Any CPU.Build.0 = Debug|Any CPU
		{1C0C0843-2518-47DD-91E1-4217AA2DD372}.Release|Any CPU.ActiveCfg = Release|Any CPU
		{1C0C0843-2518-47DD-91E1-4217AA2DD372}.Release|Any CPU.Build.0 = Release|Any CPU
		{B76FF14A-60B1-4AD1-8C97-7950D6C529F2}.Debug|Any CPU.ActiveCfg = Debug|Any CPU
		{B76FF14A-60B1-4AD1-8C97-7950D6C529F2}.Debug|Any CPU.Build.0 = Debug|Any CPU
		{B76FF14A-60B1-4AD1-8C97-7950D6C529F2}.Release|Any CPU.ActiveCfg = Release|Any CPU
		{B76FF14A-60B1-4AD1-8C97-7950D6C529F2}.Release|Any CPU.Build.0 = Release|Any CPU
		{18EED1B7-A4B5-4F59-A6ED-220A6A831AA1}.Debug|Any CPU.ActiveCfg = Debug|Any CPU
		{18EED1B7-A4B5-4F59-A6ED-220A6A831AA1}.Debug|Any CPU.Build.0 = Debug|Any CPU
		{18EED1B7-A4B5-4F59-A6ED-220A6A831AA1}.Release|Any CPU.ActiveCfg = Release|Any CPU
		{18EED1B7-A4B5-4F59-A6ED-220A6A831AA1}.Release|Any CPU.Build.0 = Release|Any CPU
		{D4258696-A6A8-4B35-95D4-83A6D1472F83}.Debug|Any CPU.ActiveCfg = Debug|Any CPU
		{D4258696-A6A8-4B35-95D4-83A6D1472F83}.Debug|Any CPU.Build.0 = Debug|Any CPU
		{D4258696-A6A8-4B35-95D4-83A6D1472F83}.Release|Any CPU.ActiveCfg = Release|Any CPU
		{D4258696-A6A8-4B35-95D4-83A6D1472F83}.Release|Any CPU.Build.0 = Release|Any CPU
		{4E67A5BF-31EE-44CD-8E87-06C2A8946093}.Debug|Any CPU.ActiveCfg = Debug|Any CPU
		{4E67A5BF-31EE-44CD-8E87-06C2A8946093}.Debug|Any CPU.Build.0 = Debug|Any CPU
		{4E67A5BF-31EE-44CD-8E87-06C2A8946093}.Release|Any CPU.ActiveCfg = Release|Any CPU
		{4E67A5BF-31EE-44CD-8E87-06C2A8946093}.Release|Any CPU.Build.0 = Release|Any CPU
	EndGlobalSection
	GlobalSection(SolutionProperties) = preSolution
		HideSolutionNode = FALSE
	EndGlobalSection
	GlobalSection(NestedProjects) = preSolution
		{25A3A5C5-BAA0-4FD7-A759-61F33836AFE6} = {E3889177-866A-48A9-8212-C72B64F85057}
		{68C31C37-C54B-4008-8D01-35DEDBB95033} = {E3889177-866A-48A9-8212-C72B64F85057}
		{61EA315B-70DF-423C-920C-6B931AA12739} = {E3889177-866A-48A9-8212-C72B64F85057}
		{1C0C0843-2518-47DD-91E1-4217AA2DD372} = {E3889177-866A-48A9-8212-C72B64F85057}
		{B76FF14A-60B1-4AD1-8C97-7950D6C529F2} = {E3889177-866A-48A9-8212-C72B64F85057}
		{18EED1B7-A4B5-4F59-A6ED-220A6A831AA1} = {E3889177-866A-48A9-8212-C72B64F85057}
		{D4258696-A6A8-4B35-95D4-83A6D1472F83} = {2B592A73-D642-4A96-8073-BCDC0BDE754F}
		{4E67A5BF-31EE-44CD-8E87-06C2A8946093} = {2B592A73-D642-4A96-8073-BCDC0BDE754F}
	EndGlobalSection
	GlobalSection(ExtensibilityGlobals) = postSolution
		SolutionGuid = {29A5A0F6-D6F6-4138-826C-481FA0045C6B}
	EndGlobalSection
EndGlobal
